sonata_block:
    default_contexts: [cms]
    blocks:
        sonata.admin.block.admin_list:
            contexts:   [admin]
        sonata.admin.block.search_result:
            contexts:   [admin]

        #sonata.admin_doctrine_orm.block.audit:
        #    contexts:   [admin]

        #sonata.user.block.menu:    # used to display the menu in profile pages
        #sonata.user.block.account: # used to display menu option (login option)
        sonata.block.service.text:
        sonata.block.service.action:
        #sonata.block.service.rss:

        # Some specific blocks from the SonataMediaBundle
        sonata.media.block.media:
        sonata.media.block.gallery:
        sonata.media.block.feature_media:
        sonata.formatter.block.formatter:
            
        #template blocks
        domstor.template.block.home.employee.service: ~
        domstor.template.block.home.partner.service: ~
        domstor.template.block.home.post.service: ~
        domstor.template.block.home.review.service: ~
        domstor.template.block.home.slider.service: ~
        domstor.template.block.home.special_offer.service: ~
        domstor.template.block.home.urgent_sale.service: ~
        domstor.template.block.home.vacancy.service: ~
        domstor.template.block.realtyicons.service: ~
        